# This file is automatically @generated by Cargo.
# It is not intended for manual editing.
version = 4

[[package]]
name = "arch"
version = "0.1.0"

[[package]]
name = "boot"
version = "0.1.0"
dependencies = [
 "arch",
 "firmware",
 "rs232c",
]

[[package]]
name = "firmware"
version = "0.1.0"
dependencies = [
 "open_sbi",
 "rs232c",
 "tfa",
 "uefi",
]

[[package]]
name = "open_sbi"
version = "0.1.0"

[[package]]
name = "rs232c"
version = "0.1.0"

[[package]]
name = "tfa"
version = "0.1.0"

[[package]]
name = "uefi"
version = "0.1.0"

[[package]]
name = "xtask"
version = "0.1.0"
